// !$*UTF8*$!
{
	archiveVersion = 1;
	classes = {
	};
	objectVersion = 46;
	objects = {

/* Begin PBXBuildFile section */
		2A5CF2171EDE33410025F983 /* RealmManager.swift in Sources */ = {isa = PBXBuildFile; fileRef = 2A5CF2161EDE33410025F983 /* RealmManager.swift */; };
		2AC1ACD01EDE256700AAF19E /* AppDelegate.swift in Sources */ = {isa = PBXBuildFile; fileRef = 2AC1ACCF1EDE256700AAF19E /* AppDelegate.swift */; };
		2AC1ACD51EDE256700AAF19E /* Main.storyboard in Resources */ = {isa = PBXBuildFile; fileRef = 2AC1ACD31EDE256700AAF19E /* Main.storyboard */; };
		2AC1ACD71EDE256700AAF19E /* Assets.xcassets in Resources */ = {isa = PBXBuildFile; fileRef = 2AC1ACD61EDE256700AAF19E /* Assets.xcassets */; };
		2AC1ACDA1EDE256700AAF19E /* LaunchScreen.storyboard in Resources */ = {isa = PBXBuildFile; fileRef = 2AC1ACD81EDE256700AAF19E /* LaunchScreen.storyboard */; };
		2AC1ACE21EDE25F700AAF19E /* clsCat.swift in Sources */ = {isa = PBXBuildFile; fileRef = 2AC1ACE11EDE25F700AAF19E /* clsCat.swift */; };
		2AC1ACE41EDE268300AAF19E /* CatsListViewController.swift in Sources */ = {isa = PBXBuildFile; fileRef = 2AC1ACE31EDE268300AAF19E /* CatsListViewController.swift */; };
		2AC1ACE71EDE26AC00AAF19E /* CatCustomTableViewCell.swift in Sources */ = {isa = PBXBuildFile; fileRef = 2AC1ACE51EDE26AC00AAF19E /* CatCustomTableViewCell.swift */; };
		2AC1ACE81EDE26AC00AAF19E /* CatCustomTableViewCell.xib in Resources */ = {isa = PBXBuildFile; fileRef = 2AC1ACE61EDE26AC00AAF19E /* CatCustomTableViewCell.xib */; };
		2AC1ACEA1EDE2A0000AAF19E /* Helper.swift in Sources */ = {isa = PBXBuildFile; fileRef = 2AC1ACE91EDE2A0000AAF19E /* Helper.swift */; };
		2AC1ACEC1EDE2BB300AAF19E /* AddCatViewController.swift in Sources */ = {isa = PBXBuildFile; fileRef = 2AC1ACEB1EDE2BB300AAF19E /* AddCatViewController.swift */; };
		3A8F9D86B4827630850F463C /* Pods_Quiz4Gatos.framework in Frameworks */ = {isa = PBXBuildFile; fileRef = B968286F47DE7DE9AB25D5D4 /* Pods_Quiz4Gatos.framework */; };
/* End PBXBuildFile section */

/* Begin PBXFileReference section */
		2A5CF2161EDE33410025F983 /* RealmManager.swift */ = {isa = PBXFileReference; fileEncoding = 4; lastKnownFileType = sourcecode.swift; path = RealmManager.swift; sourceTree = "<group>"; };
		2AC1ACCC1EDE256700AAF19E /* Quiz4Gatos.app */ = {isa = PBXFileReference; explicitFileType = wrapper.application; includeInIndex = 0; path = Quiz4Gatos.app; sourceTree = BUILT_PRODUCTS_DIR; };
		2AC1ACCF1EDE256700AAF19E /* AppDelegate.swift */ = {isa = PBXFileReference; lastKnownFileType = sourcecode.swift; path = AppDelegate.swift; sourceTree = "<group>"; };
		2AC1ACD41EDE256700AAF19E /* Base */ = {isa = PBXFileReference; lastKnownFileType = file.storyboard; name = Base; path = Base.lproj/Main.storyboard; sourceTree = "<group>"; };
		2AC1ACD61EDE256700AAF19E /* Assets.xcassets */ = {isa = PBXFileReference; lastKnownFileType = folder.assetcatalog; path = Assets.xcassets; sourceTree = "<group>"; };
		2AC1ACD91EDE256700AAF19E /* Base */ = {isa = PBXFileReference; lastKnownFileType = file.storyboard; name = Base; path = Base.lproj/LaunchScreen.storyboard; sourceTree = "<group>"; };
		2AC1ACDB1EDE256700AAF19E /* Info.plist */ = {isa = PBXFileReference; lastKnownFileType = text.plist.xml; path = Info.plist; sourceTree = "<group>"; };
		2AC1ACE11EDE25F700AAF19E /* clsCat.swift */ = {isa = PBXFileReference; fileEncoding = 4; lastKnownFileType = sourcecode.swift; path = clsCat.swift; sourceTree = "<group>"; };
		2AC1ACE31EDE268300AAF19E /* CatsListViewController.swift */ = {isa = PBXFileReference; fileEncoding = 4; lastKnownFileType = sourcecode.swift; path = CatsListViewController.swift; sourceTree = "<group>"; };
		2AC1ACE51EDE26AC00AAF19E /* CatCustomTableViewCell.swift */ = {isa = PBXFileReference; fileEncoding = 4; lastKnownFileType = sourcecode.swift; path = CatCustomTableViewCell.swift; sourceTree = "<group>"; };
		2AC1ACE61EDE26AC00AAF19E /* CatCustomTableViewCell.xib */ = {isa = PBXFileReference; fileEncoding = 4; lastKnownFileType = file.xib; path = CatCustomTableViewCell.xib; sourceTree = "<group>"; };
		2AC1ACE91EDE2A0000AAF19E /* Helper.swift */ = {isa = PBXFileReference; fileEncoding = 4; lastKnownFileType = sourcecode.swift; path = Helper.swift; sourceTree = "<group>"; };
		2AC1ACEB1EDE2BB300AAF19E /* AddCatViewController.swift */ = {isa = PBXFileReference; fileEncoding = 4; lastKnownFileType = sourcecode.swift; path = AddCatViewController.swift; sourceTree = "<group>"; };
		6B112EE292498666BC52C172 /* Pods-Quiz4Gatos.debug.xcconfig */ = {isa = PBXFileReference; includeInIndex = 1; lastKnownFileType = text.xcconfig; name = "Pods-Quiz4Gatos.debug.xcconfig"; path = "Pods/Target Support Files/Pods-Quiz4Gatos/Pods-Quiz4Gatos.debug.xcconfig"; sourceTree = "<group>"; };
		B46D6D9DFB2E26441CA3A522 /* Pods-Quiz4Gatos.release.xcconfig */ = {isa = PBXFileReference; includeInIndex = 1; lastKnownFileType = text.xcconfig; name = "Pods-Quiz4Gatos.release.xcconfig"; path = "Pods/Target Support Files/Pods-Quiz4Gatos/Pods-Quiz4Gatos.release.xcconfig"; sourceTree = "<group>"; };
		B968286F47DE7DE9AB25D5D4 /* Pods_Quiz4Gatos.framework */ = {isa = PBXFileReference; explicitFileType = wrapper.framework; includeInIndex = 0; path = Pods_Quiz4Gatos.framework; sourceTree = BUILT_PRODUCTS_DIR; };
/* End PBXFileReference section */

/* Begin PBXFrameworksBuildPhase section */
		2AC1ACC91EDE256700AAF19E /* Frameworks */ = {
			isa = PBXFrameworksBuildPhase;
			buildActionMask = 2147483647;
			files = (
				3A8F9D86B4827630850F463C /* Pods_Quiz4Gatos.framework in Frameworks */,
			);
			runOnlyForDeploymentPostprocessing = 0;
		};
/* End PBXFrameworksBuildPhase section */

/* Begin PBXGroup section */
		2AC1ACC31EDE256700AAF19E = {
			isa = PBXGroup;
			children = (
				2AC1ACCE1EDE256700AAF19E /* Quiz4Gatos */,
				2AC1ACCD1EDE256700AAF19E /* Products */,
				48024969CB7BBBAF0B8D8FBA /* Pods */,
				A1B59FE6D3607995505E73A4 /* Frameworks */,
			);
			sourceTree = "<group>";
		};
		2AC1ACCD1EDE256700AAF19E /* Products */ = {
			isa = PBXGroup;
			children = (
				2AC1ACCC1EDE256700AAF19E /* Quiz4Gatos.app */,
			);
			name = Products;
			sourceTree = "<group>";
		};
		2AC1ACCE1EDE256700AAF19E /* Quiz4Gatos */ = {
			isa = PBXGroup;
			children = (
				2AC1ACCF1EDE256700AAF19E /* AppDelegate.swift */,
				2AC1ACD31EDE256700AAF19E /* Main.storyboard */,
				2AC1ACD61EDE256700AAF19E /* Assets.xcassets */,
				2AC1ACD81EDE256700AAF19E /* LaunchScreen.storyboard */,
				2AC1ACDB1EDE256700AAF19E /* Info.plist */,
				2AC1ACE11EDE25F700AAF19E /* clsCat.swift */,
				2AC1ACE31EDE268300AAF19E /* CatsListViewController.swift */,
				2AC1ACE51EDE26AC00AAF19E /* CatCustomTableViewCell.swift */,
				2AC1ACE61EDE26AC00AAF19E /* CatCustomTableViewCell.xib */,
				2AC1ACE91EDE2A0000AAF19E /* Helper.swift */,
				2AC1ACEB1EDE2BB300AAF19E /* AddCatViewController.swift */,
				2A5CF2161EDE33410025F983 /* RealmManager.swift */,
			);
			path = Quiz4Gatos;
			sourceTree = "<group>";
		};
		48024969CB7BBBAF0B8D8FBA /* Pods */ = {
			isa = PBXGroup;
			children = (
				6B112EE292498666BC52C172 /* Pods-Quiz4Gatos.debug.xcconfig */,
				B46D6D9DFB2E26441CA3A522 /* Pods-Quiz4Gatos.release.xcconfig */,
			);
			name = Pods;
			sourceTree = "<group>";
		};
		A1B59FE6D3607995505E73A4 /* Frameworks */ = {
			isa = PBXGroup;
			children = (
				B968286F47DE7DE9AB25D5D4 /* Pods_Quiz4Gatos.framework */,
			);
			name = Frameworks;
			sourceTree = "<group>";
		};
/* End PBXGroup section */

/* Begin PBXNativeTarget section */
		2AC1ACCB1EDE256700AAF19E /* Quiz4Gatos */ = {
			isa = PBXNativeTarget;
			buildConfigurationList = 2AC1ACDE1EDE256700AAF19E /* Build configuration list for PBXNativeTarget "Quiz4Gatos" */;
			buildPhases = (
				6AAE66CDE7D4523109586FAB /* [CP] Check Pods Manifest.lock */,
				2AC1ACC81EDE256700AAF19E /* Sources */,
				2AC1ACC91EDE256700AAF19E /* Frameworks */,
				2AC1ACCA1EDE256700AAF19E /* Resources */,
				86C437B83F48D6439A9D00F5 /* [CP] Embed Pods Frameworks */,
				3ECC240AD063DCD25FD53820 /* [CP] Copy Pods Resources */,
			);
			buildRules = (
			);
			dependencies = (
			);
			name = Quiz4Gatos;
			productName = Quiz4Gatos;
			productReference = 2AC1ACCC1EDE256700AAF19E /* Quiz4Gatos.app */;
			productType = "com.apple.product-type.application";
		};
/* End PBXNativeTarget section */

/* Begin PBXProject section */
		2AC1ACC41EDE256700AAF19E /* Project object */ = {
			isa = PBXProject;
			attributes = {
				LastSwiftUpdateCheck = 0830;
				LastUpgradeCheck = 0830;
				ORGANIZATIONNAME = "Federico Valerin";
				TargetAttributes = {
					2AC1ACCB1EDE256700AAF19E = {
						CreatedOnToolsVersion = 8.3.2;
						ProvisioningStyle = Automatic;
					};
				};
			};
			buildConfigurationList = 2AC1ACC71EDE256700AAF19E /* Build configuration list for PBXProject "Quiz4Gatos" */;
			compatibilityVersion = "Xcode 3.2";
			developmentRegion = English;
			hasScannedForEncodings = 0;
			knownRegions = (
				en,
				Base,
			);
			mainGroup = 2AC1ACC31EDE256700AAF19E;
			productRefGroup = 2AC1ACCD1EDE256700AAF19E /* Products */;
			projectDirPath = "";
			projectRoot = "";
			targets = (
				2AC1ACCB1EDE256700AAF19E /* Quiz4Gatos */,
			);
		};
/* End PBXProject section */

/* Begin PBXResourcesBuildPhase section */
		2AC1ACCA1EDE256700AAF19E /* Resources */ = {
			isa = PBXResourcesBuildPhase;
			buildActionMask = 2147483647;
			files = (
				2AC1ACDA1EDE256700AAF19E /* LaunchScreen.storyboard in Resources */,
				2AC1ACE81EDE26AC00AAF19E /* CatCustomTableViewCell.xib in Resources */,
				2AC1ACD71EDE256700AAF19E /* Assets.xcassets in Resources */,
				2AC1ACD51EDE256700AAF19E /* Main.storyboard in Resources */,
			);
			runOnlyForDeploymentPostprocessing = 0;
		};
/* End PBXResourcesBuildPhase section */

/* Begin PBXShellScriptBuildPhase section */
		3ECC240AD063DCD25FD53820 /* [CP] Copy Pods Resources */ = {
			isa = PBXShellScriptBuildPhase;
			buildActionMask = 2147483647;
			files = (
			);
			inputPaths = (
			);
			name = "[CP] Copy Pods Resources";
			outputPaths = (
			);
			runOnlyForDeploymentPostprocessing = 0;
			shellPath = /bin/sh;
			shellScript = "\"${SRCROOT}/Pods/Target Support Files/Pods-Quiz4Gatos/Pods-Quiz4Gatos-resources.sh\"\n";
			showEnvVarsInLog = 0;
		};
		6AAE66CDE7D4523109586FAB /* [CP] Check Pods Manifest.lock */ = {
			isa = PBXShellScriptBuildPhase;
			buildActionMask = 2147483647;
			files = (
			);
			inputPaths = (
			);
			name = "[CP] Check Pods Manifest.lock";
			outputPaths = (
			);
			runOnlyForDeploymentPostprocessing = 0;
			shellPath = /bin/sh;
			shellScript = "diff \"${PODS_PODFILE_DIR_PATH}/Podfile.lock\" \"${PODS_ROOT}/Manifest.lock\" > /dev/null\nif [ $? != 0 ] ; then\n    # print error to STDERR\n    echo \"error: The sandbox is not in sync with the Podfile.lock. Run 'pod install' or update your CocoaPods installation.\" >&2\n    exit 1\nfi\n";
			showEnvVarsInLog = 0;
		};
		86C437B83F48D6439A9D00F5 /* [CP] Embed Pods Frameworks */ = {
			isa = PBXShellScriptBuildPhase;
			buildActionMask = 2147483647;
			files = (
			);
			inputPaths = (
			);
			name = "[CP] Embed Pods Frameworks";
			outputPaths = (
			);
			runOnlyForDeploymentPostprocessing = 0;
			shellPath = /bin/sh;
			shellScript = "\"${SRCROOT}/Pods/Target Support Files/Pods-Quiz4Gatos/Pods-Quiz4Gatos-frameworks.sh\"\n";
			showEnvVarsInLog = 0;
		};
/* End PBXShellScriptBuildPhase section */

/* Begin PBXSourcesBuildPhase section */
		2AC1ACC81EDE256700AAF19E /* Sources */ = {
			isa = PBXSourcesBuildPhase;
			buildActionMask = 2147483647;
			files = (
				2AC1ACE21EDE25F700AAF19E /* clsCat.swift in Sources */,
				2AC1ACE71EDE26AC00AAF19E /* CatCustomTableViewCell.swift in Sources */,
				2AC1ACEA1EDE2A0000AAF19E /* Helper.swift in Sources */,
				2AC1ACEC1EDE2BB300AAF19E /* AddCatViewController.swift in Sources */,
				2AC1ACD01EDE256700AAF19E /* AppDelegate.swift in Sources */,
				2A5CF2171EDE33410025F983 /* RealmManager.swift in Sources */,
				2AC1ACE41EDE268300AAF19E /* CatsListViewController.swift in Sources */,
			);
			runOnlyForDeploymentPostprocessing = 0;
		};
/* End PBXSourcesBuildPhase section */

/* Begin PBXVariantGroup section */
		2AC1ACD31EDE256700AAF19E /* Main.storyboard */ = {
			isa = PBXVariantGroup;
			children = (
				2AC1ACD41EDE256700AAF19E /* Base */,
			);
			name = Main.storyboard;
			sourceTree = "<group>";
		};
		2AC1ACD81EDE256700AAF19E /* LaunchScreen.storyboard */ = {
			isa = PBXVariantGroup;
			children = (
				2AC1ACD91EDE256700AAF19E /* Base */,
			);
			name = LaunchScreen.storyboard;
			sourceTree = "<group>";
		};
/* End PBXVariantGroup section */

/* Begin XCBuildConfiguration section */
		2AC1ACDC1EDE256700AAF19E /* Debug */ = {
			isa = XCBuildConfiguration;
			buildSettings = {
				ALWAYS_SEARCH_USER_PATHS = NO;
				CLANG_ANALYZER_NONNULL = YES;
				CLANG_ANALYZER_NUMBER_OBJECT_CONVERSION = YES_AGGRESSIVE;
				CLANG_CXX_LANGUAGE_STANDARD = "gnu++0x";
				CLANG_CXX_LIBRARY = "libc++";
				CLANG_ENABLE_MODULES = YES;
				CLANG_ENABLE_OBJC_ARC = YES;
				CLANG_WARN_BOOL_CONVERSION = YES;
				CLANG_WARN_CONSTANT_CONVERSION = YES;
				CLANG_WARN_DIRECT_OBJC_ISA_USAGE = YES_ERROR;
				CLANG_WARN_DOCUMENTATION_COMMENTS = YES;
				CLANG_WARN_EMPTY_BODY = YES;
				CLANG_WARN_ENUM_CONVERSION = YES;
				CLANG_WARN_INFINITE_RECURSION = YES;
				CLANG_WARN_INT_CONVERSION = YES;
				CLANG_WARN_OBJC_ROOT_CLASS = YES_ERROR;
				CLANG_WARN_SUSPICIOUS_MOVE = YES;
				CLANG_WARN_UNREACHABLE_CODE = YES;
				CLANG_WARN__DUPLICATE_METHOD_MATCH = YES;
				"CODE_SIGN_IDENTITY[sdk=iphoneos*]" = "iPhone Developer";
				COPY_PHASE_STRIP = NO;
				DEBUG_INFORMATION_FORMAT = dwarf;
				ENABLE_STRICT_OBJC_MSGSEND = YES;
				ENABLE_TESTABILITY = YES;
				GCC_C_LANGUAGE_STANDARD = gnu99;
				GCC_DYNAMIC_NO_PIC = NO;
				GCC_NO_COMMON_BLOCKS = YES;
				GCC_OPTIMIZATION_LEVEL = 0;
				GCC_PREPROCESSOR_DEFINITIONS = (
					"DEBUG=1",
					"$(inherited)",
				);
				GCC_WARN_64_TO_32_BIT_CONVERSION = YES;
				GCC_WARN_ABOUT_RETURN_TYPE = YES_ERROR;
				GCC_WARN_UNDECLARED_SELECTOR = YES;
				GCC_WARN_UNINITIALIZED_AUTOS = YES_AGGRESSIVE;
				GCC_WARN_UNUSED_FUNCTION = YES;
				GCC_WARN_UNUSED_VARIABLE = YES;
				IPHONEOS_DEPLOYMENT_TARGET = 10.3;
				MTL_ENABLE_DEBUG_INFO = YES;
				ONLY_ACTIVE_ARCH = YES;
				SDKROOT = iphoneos;
				SWIFT_ACTIVE_COMPILATION_CONDITIONS = DEBUG;
				SWIFT_OPTIMIZATION_LEVEL = "-Onone";
				TARGETED_DEVICE_FAMILY = "1,2";
			};
			name = Debug;
		};
		2AC1ACDD1EDE256700AAF19E /* Release */ = {
			isa = XCBuildConfiguration;
			buildSettings = {
				ALWAYS_SEARCH_USER_PATHS = NO;
				CLANG_ANALYZER_NONNULL = YES;
				CLANG_ANALYZER_NUMBER_OBJECT_CONVERSION = YES_AGGRESSIVE;
				CLANG_CXX_LANGUAGE_STANDARD = "gnu++0x";
				CLANG_CXX_LIBRARY = "libc++";
				CLANG_ENABLE_MODULES = YES;
				CLANG_ENABLE_OBJC_ARC = YES;
				CLANG_WARN_BOOL_CONVERSION = YES;
				CLANG_WARN_CONSTANT_CONVERSION = YES;
				CLANG_WARN_DIRECT_OBJC_ISA_USAGE = YES_ERROR;
				CLANG_WARN_DOCUMENTATION_COMMENTS = YES;
				CLANG_WARN_EMPTY_BODY = YES;
				CLANG_WARN_ENUM_CONVERSION = YES;
				CLANG_WARN_INFINITE_RECURSION = YES;
				CLANG_WARN_INT_CONVERSION = YES;
				CLANG_WARN_OBJC_ROOT_CLASS = YES_ERROR;
				CLANG_WARN_SUSPICIOUS_MOVE = YES;
				CLANG_WARN_UNREACHABLE_CODE = YES;
				CLANG_WARN__DUPLICATE_METHOD_MATCH = YES;
				"CODE_SIGN_IDENTITY[sdk=iphoneos*]" = "iPhone Developer";
				COPY_PHASE_STRIP = NO;
				DEBUG_INFORMATION_FORMAT = "dwarf-with-dsym";
				ENABLE_NS_ASSERTIONS = NO;
				ENABLE_STRICT_OBJC_MSGSEND = YES;
				GCC_C_LANGUAGE_STANDARD = gnu99;
				GCC_NO_COMMON_BLOCKS = YES;
				GCC_WARN_64_TO_32_BIT_CONVERSION = YES;
				GCC_WARN_ABOUT_RETURN_TYPE = YES_ERROR;
				GCC_WARN_UNDECLARED_SELECTOR = YES;
				GCC_WARN_UNINITIALIZED_AUTOS = YES_AGGRESSIVE;
				GCC_WARN_UNUSED_FUNCTION = YES;
				GCC_WARN_UNUSED_VARIABLE = YES;
				IPHONEOS_DEPLOYMENT_TARGET = 10.3;
				MTL_ENABLE_DEBUG_INFO = NO;
				SDKROOT = iphoneos;
				SWIFT_OPTIMIZATION_LEVEL = "-Owholemodule";
				TARGETED_DEVICE_FAMILY = "1,2";
				VALIDATE_PRODUCT = YES;
			};
			name = Release;
		};
		2AC1ACDF1EDE256700AAF19E /* Debug */ = {
			isa = XCBuildConfiguration;
			baseConfigurationReference = 6B112EE292498666BC52C172 /* Pods-Quiz4Gatos.debug.xcconfig */;
			buildSettings = {
				ASSETCATALOG_COMPILER_APPICON_NAME = AppIcon;
				INFOPLIST_FILE = Quiz4Gatos/Info.plist;
				LD_RUNPATH_SEARCH_PATHS = "$(inherited) @executable_path/Frameworks";
				PRODUCT_BUNDLE_IDENTIFIER = Impesa.Quiz4Gatos;
				PRODUCT_NAME = "$(TARGET_NAME)";
				SWIFT_VERSION = 3.0;
			};
			name = Debug;
		};
		2AC1ACE01EDE256700AAF19E /* Release */ = {
			isa = XCBuildConfiguration;
			baseConfigurationReference = B46D6D9DFB2E26441CA3A522 /* Pods-Quiz4Gatos.release.xcconfig */;
			buildSettings = {
				ASSETCATALOG_COMPILER_APPICON_NAME = AppIcon;
				INFOPLIST_FILE = Quiz4Gatos/Info.plist;
				LD_RUNPATH_SEARCH_PATHS = "$(inherited) @executable_path/Frameworks";
				PRODUCT_BUNDLE_IDENTIFIER = Impesa.Quiz4Gatos;
				PRODUCT_NAME = "$(TARGET_NAME)";
				SWIFT_VERSION = 3.0;
			};
			name = Release;
		};
/* End XCBuildConfiguration section */

/* Begin XCConfigurationList section */
		2AC1ACC71EDE256700AAF19E /* Build configuration list for PBXProject "Quiz4Gatos" */ = {
			isa = XCConfigurationList;
			buildConfigurations = (
				2AC1ACDC1EDE256700AAF19E /* Debug */,
				2AC1ACDD1EDE256700AAF19E /* Release */,
			);
			defaultConfigurationIsVisible = 0;
			defaultConfigurationName = Release;
		};
		2AC1ACDE1EDE256700AAF19E /* Build configuration list for PBXNativeTarget "Quiz4Gatos" */ = {
			isa = XCConfigurationList;
			buildConfigurations = (
				2AC1ACDF1EDE256700AAF19E /* Debug */,
				2AC1ACE01EDE256700AAF19E /* Release */,
			);
			defaultConfigurationIsVisible = 0;
			defaultConfigurationName = Release;
		};
/* End XCConfigurationList section */
	};
	rootObject = 2AC1ACC41EDE256700AAF19E /* Project object */;
}
