// !$*UTF8*$!
{
	archiveVersion = 1;
	classes = {
	};
	objectVersion = 46;
	objects = {

/* Begin PBXBuildFile section */
		2AD94AAF1ECBB98A00107EEE /* AppDelegate.swift in Sources */ = {isa = PBXBuildFile; fileRef = 2AD94AAE1ECBB98A00107EEE /* AppDelegate.swift */; };
		2AD94AB61ECBB98A00107EEE /* Assets.xcassets in Resources */ = {isa = PBXBuildFile; fileRef = 2AD94AB51ECBB98A00107EEE /* Assets.xcassets */; };
		2AD94AB91ECBB98A00107EEE /* LaunchScreen.storyboard in Resources */ = {isa = PBXBuildFile; fileRef = 2AD94AB71ECBB98A00107EEE /* LaunchScreen.storyboard */; };
		2AD94AC11ECBBA8B00107EEE /* DogsTableViewController.swift in Sources */ = {isa = PBXBuildFile; fileRef = 2AD94AC01ECBBA8B00107EEE /* DogsTableViewController.swift */; };
		2AD94AC31ECBBAB500107EEE /* Storyboard.storyboard in Resources */ = {isa = PBXBuildFile; fileRef = 2AD94AC21ECBBAB500107EEE /* Storyboard.storyboard */; };
		2AD94AC71ECBC56100107EEE /* DogTableViewCell.swift in Sources */ = {isa = PBXBuildFile; fileRef = 2AD94AC51ECBC56100107EEE /* DogTableViewCell.swift */; };
		2AD94AC81ECBC56100107EEE /* DogTableViewCell.xib in Resources */ = {isa = PBXBuildFile; fileRef = 2AD94AC61ECBC56100107EEE /* DogTableViewCell.xib */; };
/* End PBXBuildFile section */

/* Begin PBXFileReference section */
		2AD94AAB1ECBB98A00107EEE /* CustomViewCellSample.app */ = {isa = PBXFileReference; explicitFileType = wrapper.application; includeInIndex = 0; path = CustomViewCellSample.app; sourceTree = BUILT_PRODUCTS_DIR; };
		2AD94AAE1ECBB98A00107EEE /* AppDelegate.swift */ = {isa = PBXFileReference; lastKnownFileType = sourcecode.swift; path = AppDelegate.swift; sourceTree = "<group>"; };
		2AD94AB51ECBB98A00107EEE /* Assets.xcassets */ = {isa = PBXFileReference; lastKnownFileType = folder.assetcatalog; path = Assets.xcassets; sourceTree = "<group>"; };
		2AD94AB81ECBB98A00107EEE /* Base */ = {isa = PBXFileReference; lastKnownFileType = file.storyboard; name = Base; path = Base.lproj/LaunchScreen.storyboard; sourceTree = "<group>"; };
		2AD94ABA1ECBB98A00107EEE /* Info.plist */ = {isa = PBXFileReference; lastKnownFileType = text.plist.xml; path = Info.plist; sourceTree = "<group>"; };
		2AD94AC01ECBBA8B00107EEE /* DogsTableViewController.swift */ = {isa = PBXFileReference; fileEncoding = 4; lastKnownFileType = sourcecode.swift; path = DogsTableViewController.swift; sourceTree = "<group>"; };
		2AD94AC21ECBBAB500107EEE /* Storyboard.storyboard */ = {isa = PBXFileReference; fileEncoding = 4; lastKnownFileType = file.storyboard; path = Storyboard.storyboard; sourceTree = "<group>"; };
		2AD94AC51ECBC56100107EEE /* DogTableViewCell.swift */ = {isa = PBXFileReference; fileEncoding = 4; lastKnownFileType = sourcecode.swift; path = DogTableViewCell.swift; sourceTree = "<group>"; };
		2AD94AC61ECBC56100107EEE /* DogTableViewCell.xib */ = {isa = PBXFileReference; fileEncoding = 4; lastKnownFileType = file.xib; path = DogTableViewCell.xib; sourceTree = "<group>"; };
/* End PBXFileReference section */

/* Begin PBXFrameworksBuildPhase section */
		2AD94AA81ECBB98A00107EEE /* Frameworks */ = {
			isa = PBXFrameworksBuildPhase;
			buildActionMask = 2147483647;
			files = (
			);
			runOnlyForDeploymentPostprocessing = 0;
		};
/* End PBXFrameworksBuildPhase section */

/* Begin PBXGroup section */
		2AD94AA21ECBB98A00107EEE = {
			isa = PBXGroup;
			children = (
				2AD94AAD1ECBB98A00107EEE /* CustomViewCellSample */,
				2AD94AAC1ECBB98A00107EEE /* Products */,
			);
			sourceTree = "<group>";
		};
		2AD94AAC1ECBB98A00107EEE /* Products */ = {
			isa = PBXGroup;
			children = (
				2AD94AAB1ECBB98A00107EEE /* CustomViewCellSample.app */,
			);
			name = Products;
			sourceTree = "<group>";
		};
		2AD94AAD1ECBB98A00107EEE /* CustomViewCellSample */ = {
			isa = PBXGroup;
			children = (
				2AD94AC41ECBC49A00107EEE /* CustomCells */,
				2AD94AAE1ECBB98A00107EEE /* AppDelegate.swift */,
				2AD94AB51ECBB98A00107EEE /* Assets.xcassets */,
				2AD94AB71ECBB98A00107EEE /* LaunchScreen.storyboard */,
				2AD94ABA1ECBB98A00107EEE /* Info.plist */,
				2AD94AC01ECBBA8B00107EEE /* DogsTableViewController.swift */,
				2AD94AC21ECBBAB500107EEE /* Storyboard.storyboard */,
			);
			path = CustomViewCellSample;
			sourceTree = "<group>";
		};
		2AD94AC41ECBC49A00107EEE /* CustomCells */ = {
			isa = PBXGroup;
			children = (
				2AD94AC51ECBC56100107EEE /* DogTableViewCell.swift */,
				2AD94AC61ECBC56100107EEE /* DogTableViewCell.xib */,
			);
			name = CustomCells;
			sourceTree = "<group>";
		};
/* End PBXGroup section */

/* Begin PBXNativeTarget section */
		2AD94AAA1ECBB98A00107EEE /* CustomViewCellSample */ = {
			isa = PBXNativeTarget;
			buildConfigurationList = 2AD94ABD1ECBB98A00107EEE /* Build configuration list for PBXNativeTarget "CustomViewCellSample" */;
			buildPhases = (
				2AD94AA71ECBB98A00107EEE /* Sources */,
				2AD94AA81ECBB98A00107EEE /* Frameworks */,
				2AD94AA91ECBB98A00107EEE /* Resources */,
			);
			buildRules = (
			);
			dependencies = (
			);
			name = CustomViewCellSample;
			productName = CustomViewCellSample;
			productReference = 2AD94AAB1ECBB98A00107EEE /* CustomViewCellSample.app */;
			productType = "com.apple.product-type.application";
		};
/* End PBXNativeTarget section */

/* Begin PBXProject section */
		2AD94AA31ECBB98A00107EEE /* Project object */ = {
			isa = PBXProject;
			attributes = {
				LastSwiftUpdateCheck = 0830;
				LastUpgradeCheck = 0830;
				ORGANIZATIONNAME = "Federico Valerin";
				TargetAttributes = {
					2AD94AAA1ECBB98A00107EEE = {
						CreatedOnToolsVersion = 8.3.2;
						ProvisioningStyle = Automatic;
					};
				};
			};
			buildConfigurationList = 2AD94AA61ECBB98A00107EEE /* Build configuration list for PBXProject "CustomViewCellSample" */;
			compatibilityVersion = "Xcode 3.2";
			developmentRegion = English;
			hasScannedForEncodings = 0;
			knownRegions = (
				en,
				Base,
			);
			mainGroup = 2AD94AA21ECBB98A00107EEE;
			productRefGroup = 2AD94AAC1ECBB98A00107EEE /* Products */;
			projectDirPath = "";
			projectRoot = "";
			targets = (
				2AD94AAA1ECBB98A00107EEE /* CustomViewCellSample */,
			);
		};
/* End PBXProject section */

/* Begin PBXResourcesBuildPhase section */
		2AD94AA91ECBB98A00107EEE /* Resources */ = {
			isa = PBXResourcesBuildPhase;
			buildActionMask = 2147483647;
			files = (
				2AD94AB91ECBB98A00107EEE /* LaunchScreen.storyboard in Resources */,
				2AD94AB61ECBB98A00107EEE /* Assets.xcassets in Resources */,
				2AD94AC81ECBC56100107EEE /* DogTableViewCell.xib in Resources */,
				2AD94AC31ECBBAB500107EEE /* Storyboard.storyboard in Resources */,
			);
			runOnlyForDeploymentPostprocessing = 0;
		};
/* End PBXResourcesBuildPhase section */

/* Begin PBXSourcesBuildPhase section */
		2AD94AA71ECBB98A00107EEE /* Sources */ = {
			isa = PBXSourcesBuildPhase;
			buildActionMask = 2147483647;
			files = (
				2AD94AC11ECBBA8B00107EEE /* DogsTableViewController.swift in Sources */,
				2AD94AAF1ECBB98A00107EEE /* AppDelegate.swift in Sources */,
				2AD94AC71ECBC56100107EEE /* DogTableViewCell.swift in Sources */,
			);
			runOnlyForDeploymentPostprocessing = 0;
		};
/* End PBXSourcesBuildPhase section */

/* Begin PBXVariantGroup section */
		2AD94AB71ECBB98A00107EEE /* LaunchScreen.storyboard */ = {
			isa = PBXVariantGroup;
			children = (
				2AD94AB81ECBB98A00107EEE /* Base */,
			);
			name = LaunchScreen.storyboard;
			sourceTree = "<group>";
		};
/* End PBXVariantGroup section */

/* Begin XCBuildConfiguration section */
		2AD94ABB1ECBB98A00107EEE /* Debug */ = {
			isa = XCBuildConfiguration;
			buildSettings = {
				ALWAYS_SEARCH_USER_PATHS = NO;
				CLANG_ANALYZER_NONNULL = YES;
				CLANG_ANALYZER_NUMBER_OBJECT_CONVERSION = YES_AGGRESSIVE;
				CLANG_CXX_LANGUAGE_STANDARD = "gnu++0x";
				CLANG_CXX_LIBRARY = "libc++";
				CLANG_ENABLE_MODULES = YES;
				CLANG_ENABLE_OBJC_ARC = YES;
				CLANG_WARN_BOOL_CONVERSION = YES;
				CLANG_WARN_CONSTANT_CONVERSION = YES;
				CLANG_WARN_DIRECT_OBJC_ISA_USAGE = YES_ERROR;
				CLANG_WARN_DOCUMENTATION_COMMENTS = YES;
				CLANG_WARN_EMPTY_BODY = YES;
				CLANG_WARN_ENUM_CONVERSION = YES;
				CLANG_WARN_INFINITE_RECURSION = YES;
				CLANG_WARN_INT_CONVERSION = YES;
				CLANG_WARN_OBJC_ROOT_CLASS = YES_ERROR;
				CLANG_WARN_SUSPICIOUS_MOVE = YES;
				CLANG_WARN_UNREACHABLE_CODE = YES;
				CLANG_WARN__DUPLICATE_METHOD_MATCH = YES;
				"CODE_SIGN_IDENTITY[sdk=iphoneos*]" = "iPhone Developer";
				COPY_PHASE_STRIP = NO;
				DEBUG_INFORMATION_FORMAT = dwarf;
				ENABLE_STRICT_OBJC_MSGSEND = YES;
				ENABLE_TESTABILITY = YES;
				GCC_C_LANGUAGE_STANDARD = gnu99;
				GCC_DYNAMIC_NO_PIC = NO;
				GCC_NO_COMMON_BLOCKS = YES;
				GCC_OPTIMIZATION_LEVEL = 0;
				GCC_PREPROCESSOR_DEFINITIONS = (
					"DEBUG=1",
					"$(inherited)",
				);
				GCC_WARN_64_TO_32_BIT_CONVERSION = YES;
				GCC_WARN_ABOUT_RETURN_TYPE = YES_ERROR;
				GCC_WARN_UNDECLARED_SELECTOR = YES;
				GCC_WARN_UNINITIALIZED_AUTOS = YES_AGGRESSIVE;
				GCC_WARN_UNUSED_FUNCTION = YES;
				GCC_WARN_UNUSED_VARIABLE = YES;
				IPHONEOS_DEPLOYMENT_TARGET = 10.3;
				MTL_ENABLE_DEBUG_INFO = YES;
				ONLY_ACTIVE_ARCH = YES;
				SDKROOT = iphoneos;
				SWIFT_ACTIVE_COMPILATION_CONDITIONS = DEBUG;
				SWIFT_OPTIMIZATION_LEVEL = "-Onone";
				TARGETED_DEVICE_FAMILY = "1,2";
			};
			name = Debug;
		};
		2AD94ABC1ECBB98A00107EEE /* Release */ = {
			isa = XCBuildConfiguration;
			buildSettings = {
				ALWAYS_SEARCH_USER_PATHS = NO;
				CLANG_ANALYZER_NONNULL = YES;
				CLANG_ANALYZER_NUMBER_OBJECT_CONVERSION = YES_AGGRESSIVE;
				CLANG_CXX_LANGUAGE_STANDARD = "gnu++0x";
				CLANG_CXX_LIBRARY = "libc++";
				CLANG_ENABLE_MODULES = YES;
				CLANG_ENABLE_OBJC_ARC = YES;
				CLANG_WARN_BOOL_CONVERSION = YES;
				CLANG_WARN_CONSTANT_CONVERSION = YES;
				CLANG_WARN_DIRECT_OBJC_ISA_USAGE = YES_ERROR;
				CLANG_WARN_DOCUMENTATION_COMMENTS = YES;
				CLANG_WARN_EMPTY_BODY = YES;
				CLANG_WARN_ENUM_CONVERSION = YES;
				CLANG_WARN_INFINITE_RECURSION = YES;
				CLANG_WARN_INT_CONVERSION = YES;
				CLANG_WARN_OBJC_ROOT_CLASS = YES_ERROR;
				CLANG_WARN_SUSPICIOUS_MOVE = YES;
				CLANG_WARN_UNREACHABLE_CODE = YES;
				CLANG_WARN__DUPLICATE_METHOD_MATCH = YES;
				"CODE_SIGN_IDENTITY[sdk=iphoneos*]" = "iPhone Developer";
				COPY_PHASE_STRIP = NO;
				DEBUG_INFORMATION_FORMAT = "dwarf-with-dsym";
				ENABLE_NS_ASSERTIONS = NO;
				ENABLE_STRICT_OBJC_MSGSEND = YES;
				GCC_C_LANGUAGE_STANDARD = gnu99;
				GCC_NO_COMMON_BLOCKS = YES;
				GCC_WARN_64_TO_32_BIT_CONVERSION = YES;
				GCC_WARN_ABOUT_RETURN_TYPE = YES_ERROR;
				GCC_WARN_UNDECLARED_SELECTOR = YES;
				GCC_WARN_UNINITIALIZED_AUTOS = YES_AGGRESSIVE;
				GCC_WARN_UNUSED_FUNCTION = YES;
				GCC_WARN_UNUSED_VARIABLE = YES;
				IPHONEOS_DEPLOYMENT_TARGET = 10.3;
				MTL_ENABLE_DEBUG_INFO = NO;
				SDKROOT = iphoneos;
				SWIFT_OPTIMIZATION_LEVEL = "-Owholemodule";
				TARGETED_DEVICE_FAMILY = "1,2";
				VALIDATE_PRODUCT = YES;
			};
			name = Release;
		};
		2AD94ABE1ECBB98A00107EEE /* Debug */ = {
			isa = XCBuildConfiguration;
			buildSettings = {
				ASSETCATALOG_COMPILER_APPICON_NAME = AppIcon;
				INFOPLIST_FILE = CustomViewCellSample/Info.plist;
				LD_RUNPATH_SEARCH_PATHS = "$(inherited) @executable_path/Frameworks";
				PRODUCT_BUNDLE_IDENTIFIER = Impesa.CustomViewCellSample;
				PRODUCT_NAME = "$(TARGET_NAME)";
				SWIFT_VERSION = 3.0;
			};
			name = Debug;
		};
		2AD94ABF1ECBB98A00107EEE /* Release */ = {
			isa = XCBuildConfiguration;
			buildSettings = {
				ASSETCATALOG_COMPILER_APPICON_NAME = AppIcon;
				INFOPLIST_FILE = CustomViewCellSample/Info.plist;
				LD_RUNPATH_SEARCH_PATHS = "$(inherited) @executable_path/Frameworks";
				PRODUCT_BUNDLE_IDENTIFIER = Impesa.CustomViewCellSample;
				PRODUCT_NAME = "$(TARGET_NAME)";
				SWIFT_VERSION = 3.0;
			};
			name = Release;
		};
/* End XCBuildConfiguration section */

/* Begin XCConfigurationList section */
		2AD94AA61ECBB98A00107EEE /* Build configuration list for PBXProject "CustomViewCellSample" */ = {
			isa = XCConfigurationList;
			buildConfigurations = (
				2AD94ABB1ECBB98A00107EEE /* Debug */,
				2AD94ABC1ECBB98A00107EEE /* Release */,
			);
			defaultConfigurationIsVisible = 0;
			defaultConfigurationName = Release;
		};
		2AD94ABD1ECBB98A00107EEE /* Build configuration list for PBXNativeTarget "CustomViewCellSample" */ = {
			isa = XCConfigurationList;
			buildConfigurations = (
				2AD94ABE1ECBB98A00107EEE /* Debug */,
				2AD94ABF1ECBB98A00107EEE /* Release */,
			);
			defaultConfigurationIsVisible = 0;
		};
/* End XCConfigurationList section */
	};
	rootObject = 2AD94AA31ECBB98A00107EEE /* Project object */;
}
