// !$*UTF8*$!
{
	archiveVersion = 1;
	classes = {
	};
	objectVersion = 46;
	objects = {

/* Begin PBXBuildFile section */
		2AA1FA2D1ED3AEC600878DDC /* AppDelegate.swift in Sources */ = {isa = PBXBuildFile; fileRef = 2AA1FA2C1ED3AEC600878DDC /* AppDelegate.swift */; };
		2AA1FA321ED3AEC600878DDC /* Main.storyboard in Resources */ = {isa = PBXBuildFile; fileRef = 2AA1FA301ED3AEC600878DDC /* Main.storyboard */; };
		2AA1FA341ED3AEC600878DDC /* Assets.xcassets in Resources */ = {isa = PBXBuildFile; fileRef = 2AA1FA331ED3AEC600878DDC /* Assets.xcassets */; };
		2AA1FA371ED3AEC600878DDC /* LaunchScreen.storyboard in Resources */ = {isa = PBXBuildFile; fileRef = 2AA1FA351ED3AEC600878DDC /* LaunchScreen.storyboard */; };
		2AA1FA3F1ED3AF4F00878DDC /* Helper.swift in Sources */ = {isa = PBXBuildFile; fileRef = 2AA1FA3E1ED3AF4F00878DDC /* Helper.swift */; };
		2AA1FA411ED3B00900878DDC /* PrimosViewController.swift in Sources */ = {isa = PBXBuildFile; fileRef = 2AA1FA401ED3B00900878DDC /* PrimosViewController.swift */; };
		2AA1FA451ED3B05D00878DDC /* PrimosTableViewCell.swift in Sources */ = {isa = PBXBuildFile; fileRef = 2AA1FA431ED3B05D00878DDC /* PrimosTableViewCell.swift */; };
		2AA1FA461ED3B05D00878DDC /* PrimosTableViewCell.xib in Resources */ = {isa = PBXBuildFile; fileRef = 2AA1FA441ED3B05D00878DDC /* PrimosTableViewCell.xib */; };
/* End PBXBuildFile section */

/* Begin PBXFileReference section */
		2AA1FA291ED3AEC600878DDC /* proyPrimos2.app */ = {isa = PBXFileReference; explicitFileType = wrapper.application; includeInIndex = 0; path = proyPrimos2.app; sourceTree = BUILT_PRODUCTS_DIR; };
		2AA1FA2C1ED3AEC600878DDC /* AppDelegate.swift */ = {isa = PBXFileReference; lastKnownFileType = sourcecode.swift; path = AppDelegate.swift; sourceTree = "<group>"; };
		2AA1FA311ED3AEC600878DDC /* Base */ = {isa = PBXFileReference; lastKnownFileType = file.storyboard; name = Base; path = Base.lproj/Main.storyboard; sourceTree = "<group>"; };
		2AA1FA331ED3AEC600878DDC /* Assets.xcassets */ = {isa = PBXFileReference; lastKnownFileType = folder.assetcatalog; path = Assets.xcassets; sourceTree = "<group>"; };
		2AA1FA361ED3AEC600878DDC /* Base */ = {isa = PBXFileReference; lastKnownFileType = file.storyboard; name = Base; path = Base.lproj/LaunchScreen.storyboard; sourceTree = "<group>"; };
		2AA1FA381ED3AEC600878DDC /* Info.plist */ = {isa = PBXFileReference; lastKnownFileType = text.plist.xml; path = Info.plist; sourceTree = "<group>"; };
		2AA1FA3E1ED3AF4F00878DDC /* Helper.swift */ = {isa = PBXFileReference; fileEncoding = 4; lastKnownFileType = sourcecode.swift; path = Helper.swift; sourceTree = "<group>"; };
		2AA1FA401ED3B00900878DDC /* PrimosViewController.swift */ = {isa = PBXFileReference; fileEncoding = 4; lastKnownFileType = sourcecode.swift; path = PrimosViewController.swift; sourceTree = "<group>"; };
		2AA1FA431ED3B05D00878DDC /* PrimosTableViewCell.swift */ = {isa = PBXFileReference; fileEncoding = 4; lastKnownFileType = sourcecode.swift; path = PrimosTableViewCell.swift; sourceTree = "<group>"; };
		2AA1FA441ED3B05D00878DDC /* PrimosTableViewCell.xib */ = {isa = PBXFileReference; fileEncoding = 4; lastKnownFileType = file.xib; path = PrimosTableViewCell.xib; sourceTree = "<group>"; };
/* End PBXFileReference section */

/* Begin PBXFrameworksBuildPhase section */
		2AA1FA261ED3AEC600878DDC /* Frameworks */ = {
			isa = PBXFrameworksBuildPhase;
			buildActionMask = 2147483647;
			files = (
			);
			runOnlyForDeploymentPostprocessing = 0;
		};
/* End PBXFrameworksBuildPhase section */

/* Begin PBXGroup section */
		2AA1FA201ED3AEC600878DDC = {
			isa = PBXGroup;
			children = (
				2AA1FA2B1ED3AEC600878DDC /* proyPrimos2 */,
				2AA1FA2A1ED3AEC600878DDC /* Products */,
			);
			sourceTree = "<group>";
		};
		2AA1FA2A1ED3AEC600878DDC /* Products */ = {
			isa = PBXGroup;
			children = (
				2AA1FA291ED3AEC600878DDC /* proyPrimos2.app */,
			);
			name = Products;
			sourceTree = "<group>";
		};
		2AA1FA2B1ED3AEC600878DDC /* proyPrimos2 */ = {
			isa = PBXGroup;
			children = (
				2AA1FA421ED3B01700878DDC /* CustomViewCell */,
				2AA1FA2C1ED3AEC600878DDC /* AppDelegate.swift */,
				2AA1FA301ED3AEC600878DDC /* Main.storyboard */,
				2AA1FA331ED3AEC600878DDC /* Assets.xcassets */,
				2AA1FA351ED3AEC600878DDC /* LaunchScreen.storyboard */,
				2AA1FA381ED3AEC600878DDC /* Info.plist */,
				2AA1FA3E1ED3AF4F00878DDC /* Helper.swift */,
				2AA1FA401ED3B00900878DDC /* PrimosViewController.swift */,
			);
			path = proyPrimos2;
			sourceTree = "<group>";
		};
		2AA1FA421ED3B01700878DDC /* CustomViewCell */ = {
			isa = PBXGroup;
			children = (
				2AA1FA431ED3B05D00878DDC /* PrimosTableViewCell.swift */,
				2AA1FA441ED3B05D00878DDC /* PrimosTableViewCell.xib */,
			);
			name = CustomViewCell;
			sourceTree = "<group>";
		};
/* End PBXGroup section */

/* Begin PBXNativeTarget section */
		2AA1FA281ED3AEC600878DDC /* proyPrimos2 */ = {
			isa = PBXNativeTarget;
			buildConfigurationList = 2AA1FA3B1ED3AEC600878DDC /* Build configuration list for PBXNativeTarget "proyPrimos2" */;
			buildPhases = (
				2AA1FA251ED3AEC600878DDC /* Sources */,
				2AA1FA261ED3AEC600878DDC /* Frameworks */,
				2AA1FA271ED3AEC600878DDC /* Resources */,
			);
			buildRules = (
			);
			dependencies = (
			);
			name = proyPrimos2;
			productName = proyPrimos2;
			productReference = 2AA1FA291ED3AEC600878DDC /* proyPrimos2.app */;
			productType = "com.apple.product-type.application";
		};
/* End PBXNativeTarget section */

/* Begin PBXProject section */
		2AA1FA211ED3AEC600878DDC /* Project object */ = {
			isa = PBXProject;
			attributes = {
				LastSwiftUpdateCheck = 0830;
				LastUpgradeCheck = 0830;
				ORGANIZATIONNAME = "Federico Valerin";
				TargetAttributes = {
					2AA1FA281ED3AEC600878DDC = {
						CreatedOnToolsVersion = 8.3.2;
						ProvisioningStyle = Automatic;
					};
				};
			};
			buildConfigurationList = 2AA1FA241ED3AEC600878DDC /* Build configuration list for PBXProject "proyPrimos2" */;
			compatibilityVersion = "Xcode 3.2";
			developmentRegion = English;
			hasScannedForEncodings = 0;
			knownRegions = (
				en,
				Base,
			);
			mainGroup = 2AA1FA201ED3AEC600878DDC;
			productRefGroup = 2AA1FA2A1ED3AEC600878DDC /* Products */;
			projectDirPath = "";
			projectRoot = "";
			targets = (
				2AA1FA281ED3AEC600878DDC /* proyPrimos2 */,
			);
		};
/* End PBXProject section */

/* Begin PBXResourcesBuildPhase section */
		2AA1FA271ED3AEC600878DDC /* Resources */ = {
			isa = PBXResourcesBuildPhase;
			buildActionMask = 2147483647;
			files = (
				2AA1FA371ED3AEC600878DDC /* LaunchScreen.storyboard in Resources */,
				2AA1FA461ED3B05D00878DDC /* PrimosTableViewCell.xib in Resources */,
				2AA1FA341ED3AEC600878DDC /* Assets.xcassets in Resources */,
				2AA1FA321ED3AEC600878DDC /* Main.storyboard in Resources */,
			);
			runOnlyForDeploymentPostprocessing = 0;
		};
/* End PBXResourcesBuildPhase section */

/* Begin PBXSourcesBuildPhase section */
		2AA1FA251ED3AEC600878DDC /* Sources */ = {
			isa = PBXSourcesBuildPhase;
			buildActionMask = 2147483647;
			files = (
				2AA1FA411ED3B00900878DDC /* PrimosViewController.swift in Sources */,
				2AA1FA451ED3B05D00878DDC /* PrimosTableViewCell.swift in Sources */,
				2AA1FA2D1ED3AEC600878DDC /* AppDelegate.swift in Sources */,
				2AA1FA3F1ED3AF4F00878DDC /* Helper.swift in Sources */,
			);
			runOnlyForDeploymentPostprocessing = 0;
		};
/* End PBXSourcesBuildPhase section */

/* Begin PBXVariantGroup section */
		2AA1FA301ED3AEC600878DDC /* Main.storyboard */ = {
			isa = PBXVariantGroup;
			children = (
				2AA1FA311ED3AEC600878DDC /* Base */,
			);
			name = Main.storyboard;
			sourceTree = "<group>";
		};
		2AA1FA351ED3AEC600878DDC /* LaunchScreen.storyboard */ = {
			isa = PBXVariantGroup;
			children = (
				2AA1FA361ED3AEC600878DDC /* Base */,
			);
			name = LaunchScreen.storyboard;
			sourceTree = "<group>";
		};
/* End PBXVariantGroup section */

/* Begin XCBuildConfiguration section */
		2AA1FA391ED3AEC600878DDC /* Debug */ = {
			isa = XCBuildConfiguration;
			buildSettings = {
				ALWAYS_SEARCH_USER_PATHS = NO;
				CLANG_ANALYZER_NONNULL = YES;
				CLANG_ANALYZER_NUMBER_OBJECT_CONVERSION = YES_AGGRESSIVE;
				CLANG_CXX_LANGUAGE_STANDARD = "gnu++0x";
				CLANG_CXX_LIBRARY = "libc++";
				CLANG_ENABLE_MODULES = YES;
				CLANG_ENABLE_OBJC_ARC = YES;
				CLANG_WARN_BOOL_CONVERSION = YES;
				CLANG_WARN_CONSTANT_CONVERSION = YES;
				CLANG_WARN_DIRECT_OBJC_ISA_USAGE = YES_ERROR;
				CLANG_WARN_DOCUMENTATION_COMMENTS = YES;
				CLANG_WARN_EMPTY_BODY = YES;
				CLANG_WARN_ENUM_CONVERSION = YES;
				CLANG_WARN_INFINITE_RECURSION = YES;
				CLANG_WARN_INT_CONVERSION = YES;
				CLANG_WARN_OBJC_ROOT_CLASS = YES_ERROR;
				CLANG_WARN_SUSPICIOUS_MOVE = YES;
				CLANG_WARN_UNREACHABLE_CODE = YES;
				CLANG_WARN__DUPLICATE_METHOD_MATCH = YES;
				"CODE_SIGN_IDENTITY[sdk=iphoneos*]" = "iPhone Developer";
				COPY_PHASE_STRIP = NO;
				DEBUG_INFORMATION_FORMAT = dwarf;
				ENABLE_STRICT_OBJC_MSGSEND = YES;
				ENABLE_TESTABILITY = YES;
				GCC_C_LANGUAGE_STANDARD = gnu99;
				GCC_DYNAMIC_NO_PIC = NO;
				GCC_NO_COMMON_BLOCKS = YES;
				GCC_OPTIMIZATION_LEVEL = 0;
				GCC_PREPROCESSOR_DEFINITIONS = (
					"DEBUG=1",
					"$(inherited)",
				);
				GCC_WARN_64_TO_32_BIT_CONVERSION = YES;
				GCC_WARN_ABOUT_RETURN_TYPE = YES_ERROR;
				GCC_WARN_UNDECLARED_SELECTOR = YES;
				GCC_WARN_UNINITIALIZED_AUTOS = YES_AGGRESSIVE;
				GCC_WARN_UNUSED_FUNCTION = YES;
				GCC_WARN_UNUSED_VARIABLE = YES;
				IPHONEOS_DEPLOYMENT_TARGET = 10.3;
				MTL_ENABLE_DEBUG_INFO = YES;
				ONLY_ACTIVE_ARCH = YES;
				SDKROOT = iphoneos;
				SWIFT_ACTIVE_COMPILATION_CONDITIONS = DEBUG;
				SWIFT_OPTIMIZATION_LEVEL = "-Onone";
				TARGETED_DEVICE_FAMILY = "1,2";
			};
			name = Debug;
		};
		2AA1FA3A1ED3AEC600878DDC /* Release */ = {
			isa = XCBuildConfiguration;
			buildSettings = {
				ALWAYS_SEARCH_USER_PATHS = NO;
				CLANG_ANALYZER_NONNULL = YES;
				CLANG_ANALYZER_NUMBER_OBJECT_CONVERSION = YES_AGGRESSIVE;
				CLANG_CXX_LANGUAGE_STANDARD = "gnu++0x";
				CLANG_CXX_LIBRARY = "libc++";
				CLANG_ENABLE_MODULES = YES;
				CLANG_ENABLE_OBJC_ARC = YES;
				CLANG_WARN_BOOL_CONVERSION = YES;
				CLANG_WARN_CONSTANT_CONVERSION = YES;
				CLANG_WARN_DIRECT_OBJC_ISA_USAGE = YES_ERROR;
				CLANG_WARN_DOCUMENTATION_COMMENTS = YES;
				CLANG_WARN_EMPTY_BODY = YES;
				CLANG_WARN_ENUM_CONVERSION = YES;
				CLANG_WARN_INFINITE_RECURSION = YES;
				CLANG_WARN_INT_CONVERSION = YES;
				CLANG_WARN_OBJC_ROOT_CLASS = YES_ERROR;
				CLANG_WARN_SUSPICIOUS_MOVE = YES;
				CLANG_WARN_UNREACHABLE_CODE = YES;
				CLANG_WARN__DUPLICATE_METHOD_MATCH = YES;
				"CODE_SIGN_IDENTITY[sdk=iphoneos*]" = "iPhone Developer";
				COPY_PHASE_STRIP = NO;
				DEBUG_INFORMATION_FORMAT = "dwarf-with-dsym";
				ENABLE_NS_ASSERTIONS = NO;
				ENABLE_STRICT_OBJC_MSGSEND = YES;
				GCC_C_LANGUAGE_STANDARD = gnu99;
				GCC_NO_COMMON_BLOCKS = YES;
				GCC_WARN_64_TO_32_BIT_CONVERSION = YES;
				GCC_WARN_ABOUT_RETURN_TYPE = YES_ERROR;
				GCC_WARN_UNDECLARED_SELECTOR = YES;
				GCC_WARN_UNINITIALIZED_AUTOS = YES_AGGRESSIVE;
				GCC_WARN_UNUSED_FUNCTION = YES;
				GCC_WARN_UNUSED_VARIABLE = YES;
				IPHONEOS_DEPLOYMENT_TARGET = 10.3;
				MTL_ENABLE_DEBUG_INFO = NO;
				SDKROOT = iphoneos;
				SWIFT_OPTIMIZATION_LEVEL = "-Owholemodule";
				TARGETED_DEVICE_FAMILY = "1,2";
				VALIDATE_PRODUCT = YES;
			};
			name = Release;
		};
		2AA1FA3C1ED3AEC600878DDC /* Debug */ = {
			isa = XCBuildConfiguration;
			buildSettings = {
				ASSETCATALOG_COMPILER_APPICON_NAME = AppIcon;
				INFOPLIST_FILE = proyPrimos2/Info.plist;
				LD_RUNPATH_SEARCH_PATHS = "$(inherited) @executable_path/Frameworks";
				PRODUCT_BUNDLE_IDENTIFIER = Impesa.proyPrimos2;
				PRODUCT_NAME = "$(TARGET_NAME)";
				SWIFT_VERSION = 3.0;
			};
			name = Debug;
		};
		2AA1FA3D1ED3AEC600878DDC /* Release */ = {
			isa = XCBuildConfiguration;
			buildSettings = {
				ASSETCATALOG_COMPILER_APPICON_NAME = AppIcon;
				INFOPLIST_FILE = proyPrimos2/Info.plist;
				LD_RUNPATH_SEARCH_PATHS = "$(inherited) @executable_path/Frameworks";
				PRODUCT_BUNDLE_IDENTIFIER = Impesa.proyPrimos2;
				PRODUCT_NAME = "$(TARGET_NAME)";
				SWIFT_VERSION = 3.0;
			};
			name = Release;
		};
/* End XCBuildConfiguration section */

/* Begin XCConfigurationList section */
		2AA1FA241ED3AEC600878DDC /* Build configuration list for PBXProject "proyPrimos2" */ = {
			isa = XCConfigurationList;
			buildConfigurations = (
				2AA1FA391ED3AEC600878DDC /* Debug */,
				2AA1FA3A1ED3AEC600878DDC /* Release */,
			);
			defaultConfigurationIsVisible = 0;
			defaultConfigurationName = Release;
		};
		2AA1FA3B1ED3AEC600878DDC /* Build configuration list for PBXNativeTarget "proyPrimos2" */ = {
			isa = XCConfigurationList;
			buildConfigurations = (
				2AA1FA3C1ED3AEC600878DDC /* Debug */,
				2AA1FA3D1ED3AEC600878DDC /* Release */,
			);
			defaultConfigurationIsVisible = 0;
		};
/* End XCConfigurationList section */
	};
	rootObject = 2AA1FA211ED3AEC600878DDC /* Project object */;
}
